// !$*UTF8*$!
{
	archiveVersion = 1;
	classes = {
	};
	objectVersion = 55;
	objects = {

/* Begin PBXBuildFile section */
		3F7421552816FEBA000115F7 /* AppDelegate.swift in Sources */ = {isa = PBXBuildFile; fileRef = 3F7421542816FEBA000115F7 /* AppDelegate.swift */; };
		3F7421572816FEBA000115F7 /* SceneDelegate.swift in Sources */ = {isa = PBXBuildFile; fileRef = 3F7421562816FEBA000115F7 /* SceneDelegate.swift */; };
		3F7421592816FEBA000115F7 /* ContactListViewController.swift in Sources */ = {isa = PBXBuildFile; fileRef = 3F7421582816FEBA000115F7 /* ContactListViewController.swift */; };
		3F74215C2816FEBA000115F7 /* Main.storyboard in Resources */ = {isa = PBXBuildFile; fileRef = 3F74215A2816FEBA000115F7 /* Main.storyboard */; };
		3F74215E2816FEBE000115F7 /* Assets.xcassets in Resources */ = {isa = PBXBuildFile; fileRef = 3F74215D2816FEBE000115F7 /* Assets.xcassets */; };
		3F7421612816FEBE000115F7 /* LaunchScreen.storyboard in Resources */ = {isa = PBXBuildFile; fileRef = 3F74215F2816FEBE000115F7 /* LaunchScreen.storyboard */; };
		3F74216C2816FEBE000115F7 /* Activity03Tests.swift in Sources */ = {isa = PBXBuildFile; fileRef = 3F74216B2816FEBE000115F7 /* Activity03Tests.swift */; };
		3F7421762816FEBE000115F7 /* Activity03UITests.swift in Sources */ = {isa = PBXBuildFile; fileRef = 3F7421752816FEBE000115F7 /* Activity03UITests.swift */; };
		3F7421782816FEBE000115F7 /* Activity03UITestsLaunchTests.swift in Sources */ = {isa = PBXBuildFile; fileRef = 3F7421772816FEBE000115F7 /* Activity03UITestsLaunchTests.swift */; };
		3F74218528170A87000115F7 /* CreateContactViewController.swift in Sources */ = {isa = PBXBuildFile; fileRef = 3F74218428170A87000115F7 /* CreateContactViewController.swift */; };
		3F74218728170AAB000115F7 /* ContactDetailViewController.swift in Sources */ = {isa = PBXBuildFile; fileRef = 3F74218628170AAB000115F7 /* ContactDetailViewController.swift */; };
		3F74218928170C25000115F7 /* Contacts.swift in Sources */ = {isa = PBXBuildFile; fileRef = 3F74218828170C25000115F7 /* Contacts.swift */; };
/* End PBXBuildFile section */

/* Begin PBXContainerItemProxy section */
		3F7421682816FEBE000115F7 /* PBXContainerItemProxy */ = {
			isa = PBXContainerItemProxy;
			containerPortal = 3F7421492816FEBA000115F7 /* Project object */;
			proxyType = 1;
			remoteGlobalIDString = 3F7421502816FEBA000115F7;
			remoteInfo = Activity03;
		};
		3F7421722816FEBE000115F7 /* PBXContainerItemProxy */ = {
			isa = PBXContainerItemProxy;
			containerPortal = 3F7421492816FEBA000115F7 /* Project object */;
			proxyType = 1;
			remoteGlobalIDString = 3F7421502816FEBA000115F7;
			remoteInfo = Activity03;
		};
/* End PBXContainerItemProxy section */

/* Begin PBXFileReference section */
		3F7421512816FEBA000115F7 /* Activity03.app */ = {isa = PBXFileReference; explicitFileType = wrapper.application; includeInIndex = 0; path = Activity03.app; sourceTree = BUILT_PRODUCTS_DIR; };
		3F7421542816FEBA000115F7 /* AppDelegate.swift */ = {isa = PBXFileReference; lastKnownFileType = sourcecode.swift; path = AppDelegate.swift; sourceTree = "<group>"; };
		3F7421562816FEBA000115F7 /* SceneDelegate.swift */ = {isa = PBXFileReference; lastKnownFileType = sourcecode.swift; path = SceneDelegate.swift; sourceTree = "<group>"; };
		3F7421582816FEBA000115F7 /* ContactListViewController.swift */ = {isa = PBXFileReference; lastKnownFileType = sourcecode.swift; path = ContactListViewController.swift; sourceTree = "<group>"; };
		3F74215B2816FEBA000115F7 /* Base */ = {isa = PBXFileReference; lastKnownFileType = file.storyboard; name = Base; path = Base.lproj/Main.storyboard; sourceTree = "<group>"; };
		3F74215D2816FEBE000115F7 /* Assets.xcassets */ = {isa = PBXFileReference; lastKnownFileType = folder.assetcatalog; path = Assets.xcassets; sourceTree = "<group>"; };
		3F7421602816FEBE000115F7 /* Base */ = {isa = PBXFileReference; lastKnownFileType = file.storyboard; name = Base; path = Base.lproj/LaunchScreen.storyboard; sourceTree = "<group>"; };
		3F7421622816FEBE000115F7 /* Info.plist */ = {isa = PBXFileReference; lastKnownFileType = text.plist.xml; path = Info.plist; sourceTree = "<group>"; };
		3F7421672816FEBE000115F7 /* Activity03Tests.xctest */ = {isa = PBXFileReference; explicitFileType = wrapper.cfbundle; includeInIndex = 0; path = Activity03Tests.xctest; sourceTree = BUILT_PRODUCTS_DIR; };
		3F74216B2816FEBE000115F7 /* Activity03Tests.swift */ = {isa = PBXFileReference; lastKnownFileType = sourcecode.swift; path = Activity03Tests.swift; sourceTree = "<group>"; };
		3F7421712816FEBE000115F7 /* Activity03UITests.xctest */ = {isa = PBXFileReference; explicitFileType = wrapper.cfbundle; includeInIndex = 0; path = Activity03UITests.xctest; sourceTree = BUILT_PRODUCTS_DIR; };
		3F7421752816FEBE000115F7 /* Activity03UITests.swift */ = {isa = PBXFileReference; lastKnownFileType = sourcecode.swift; path = Activity03UITests.swift; sourceTree = "<group>"; };
		3F7421772816FEBE000115F7 /* Activity03UITestsLaunchTests.swift */ = {isa = PBXFileReference; lastKnownFileType = sourcecode.swift; path = Activity03UITestsLaunchTests.swift; sourceTree = "<group>"; };
		3F74218428170A87000115F7 /* CreateContactViewController.swift */ = {isa = PBXFileReference; lastKnownFileType = sourcecode.swift; path = CreateContactViewController.swift; sourceTree = "<group>"; };
		3F74218628170AAB000115F7 /* ContactDetailViewController.swift */ = {isa = PBXFileReference; lastKnownFileType = sourcecode.swift; path = ContactDetailViewController.swift; sourceTree = "<group>"; };
		3F74218828170C25000115F7 /* Contacts.swift */ = {isa = PBXFileReference; lastKnownFileType = sourcecode.swift; path = Contacts.swift; sourceTree = "<group>"; };
/* End PBXFileReference section */

/* Begin PBXFrameworksBuildPhase section */
		3F74214E2816FEBA000115F7 /* Frameworks */ = {
			isa = PBXFrameworksBuildPhase;
			buildActionMask = 2147483647;
			files = (
			);
			runOnlyForDeploymentPostprocessing = 0;
		};
		3F7421642816FEBE000115F7 /* Frameworks */ = {
			isa = PBXFrameworksBuildPhase;
			buildActionMask = 2147483647;
			files = (
			);
			runOnlyForDeploymentPostprocessing = 0;
		};
		3F74216E2816FEBE000115F7 /* Frameworks */ = {
			isa = PBXFrameworksBuildPhase;
			buildActionMask = 2147483647;
			files = (
			);
			runOnlyForDeploymentPostprocessing = 0;
		};
/* End PBXFrameworksBuildPhase section */

/* Begin PBXGroup section */
		3F7421482816FEBA000115F7 = {
			isa = PBXGroup;
			children = (
				3F7421532816FEBA000115F7 /* Activity03 */,
				3F74216A2816FEBE000115F7 /* Activity03Tests */,
				3F7421742816FEBE000115F7 /* Activity03UITests */,
				3F7421522816FEBA000115F7 /* Products */,
			);
			sourceTree = "<group>";
		};
		3F7421522816FEBA000115F7 /* Products */ = {
			isa = PBXGroup;
			children = (
				3F7421512816FEBA000115F7 /* Activity03.app */,
				3F7421672816FEBE000115F7 /* Activity03Tests.xctest */,
				3F7421712816FEBE000115F7 /* Activity03UITests.xctest */,
			);
			name = Products;
			sourceTree = "<group>";
		};
		3F7421532816FEBA000115F7 /* Activity03 */ = {
			isa = PBXGroup;
			children = (
				3F7421542816FEBA000115F7 /* AppDelegate.swift */,
				3F7421562816FEBA000115F7 /* SceneDelegate.swift */,
				3F7421582816FEBA000115F7 /* ContactListViewController.swift */,
				3F74215A2816FEBA000115F7 /* Main.storyboard */,
				3F74218828170C25000115F7 /* Contacts.swift */,
				3F74218428170A87000115F7 /* CreateContactViewController.swift */,
				3F74218628170AAB000115F7 /* ContactDetailViewController.swift */,
				3F74215D2816FEBE000115F7 /* Assets.xcassets */,
				3F74215F2816FEBE000115F7 /* LaunchScreen.storyboard */,
				3F7421622816FEBE000115F7 /* Info.plist */,
			);
			path = Activity03;
			sourceTree = "<group>";
		};
		3F74216A2816FEBE000115F7 /* Activity03Tests */ = {
			isa = PBXGroup;
			children = (
				3F74216B2816FEBE000115F7 /* Activity03Tests.swift */,
			);
			path = Activity03Tests;
			sourceTree = "<group>";
		};
		3F7421742816FEBE000115F7 /* Activity03UITests */ = {
			isa = PBXGroup;
			children = (
				3F7421752816FEBE000115F7 /* Activity03UITests.swift */,
				3F7421772816FEBE000115F7 /* Activity03UITestsLaunchTests.swift */,
			);
			path = Activity03UITests;
			sourceTree = "<group>";
		};
/* End PBXGroup section */

/* Begin PBXNativeTarget section */
		3F7421502816FEBA000115F7 /* Activity03 */ = {
			isa = PBXNativeTarget;
			buildConfigurationList = 3F74217B2816FEBE000115F7 /* Build configuration list for PBXNativeTarget "Activity03" */;
			buildPhases = (
				3F74214D2816FEBA000115F7 /* Sources */,
				3F74214E2816FEBA000115F7 /* Frameworks */,
				3F74214F2816FEBA000115F7 /* Resources */,
			);
			buildRules = (
			);
			dependencies = (
			);
			name = Activity03;
			productName = Activity03;
			productReference = 3F7421512816FEBA000115F7 /* Activity03.app */;
			productType = "com.apple.product-type.application";
		};
		3F7421662816FEBE000115F7 /* Activity03Tests */ = {
			isa = PBXNativeTarget;
			buildConfigurationList = 3F74217E2816FEBE000115F7 /* Build configuration list for PBXNativeTarget "Activity03Tests" */;
			buildPhases = (
				3F7421632816FEBE000115F7 /* Sources */,
				3F7421642816FEBE000115F7 /* Frameworks */,
				3F7421652816FEBE000115F7 /* Resources */,
			);
			buildRules = (
			);
			dependencies = (
				3F7421692816FEBE000115F7 /* PBXTargetDependency */,
			);
			name = Activity03Tests;
			productName = Activity03Tests;
			productReference = 3F7421672816FEBE000115F7 /* Activity03Tests.xctest */;
			productType = "com.apple.product-type.bundle.unit-test";
		};
		3F7421702816FEBE000115F7 /* Activity03UITests */ = {
			isa = PBXNativeTarget;
			buildConfigurationList = 3F7421812816FEBE000115F7 /* Build configuration list for PBXNativeTarget "Activity03UITests" */;
			buildPhases = (
				3F74216D2816FEBE000115F7 /* Sources */,
				3F74216E2816FEBE000115F7 /* Frameworks */,
				3F74216F2816FEBE000115F7 /* Resources */,
			);
			buildRules = (
			);
			dependencies = (
				3F7421732816FEBE000115F7 /* PBXTargetDependency */,
			);
			name = Activity03UITests;
			productName = Activity03UITests;
			productReference = 3F7421712816FEBE000115F7 /* Activity03UITests.xctest */;
			productType = "com.apple.product-type.bundle.ui-testing";
		};
/* End PBXNativeTarget section */

/* Begin PBXProject section */
		3F7421492816FEBA000115F7 /* Project object */ = {
			isa = PBXProject;
			attributes = {
				BuildIndependentTargetsInParallel = 1;
				LastSwiftUpdateCheck = 1300;
				LastUpgradeCheck = 1300;
				TargetAttributes = {
					3F7421502816FEBA000115F7 = {
						CreatedOnToolsVersion = 13.0;
					};
					3F7421662816FEBE000115F7 = {
						CreatedOnToolsVersion = 13.0;
						TestTargetID = 3F7421502816FEBA000115F7;
					};
					3F7421702816FEBE000115F7 = {
						CreatedOnToolsVersion = 13.0;
						TestTargetID = 3F7421502816FEBA000115F7;
					};
				};
			};
			buildConfigurationList = 3F74214C2816FEBA000115F7 /* Build configuration list for PBXProject "Activity03" */;
			compatibilityVersion = "Xcode 13.0";
			developmentRegion = en;
			hasScannedForEncodings = 0;
			knownRegions = (
				en,
				Base,
			);
			mainGroup = 3F7421482816FEBA000115F7;
			productRefGroup = 3F7421522816FEBA000115F7 /* Products */;
			projectDirPath = "";
			projectRoot = "";
			targets = (
				3F7421502816FEBA000115F7 /* Activity03 */,
				3F7421662816FEBE000115F7 /* Activity03Tests */,
				3F7421702816FEBE000115F7 /* Activity03UITests */,
			);
		};
/* End PBXProject section */

/* Begin PBXResourcesBuildPhase section */
		3F74214F2816FEBA000115F7 /* Resources */ = {
			isa = PBXResourcesBuildPhase;
			buildActionMask = 2147483647;
			files = (
				3F7421612816FEBE000115F7 /* LaunchScreen.storyboard in Resources */,
				3F74215E2816FEBE000115F7 /* Assets.xcassets in Resources */,
				3F74215C2816FEBA000115F7 /* Main.storyboard in Resources */,
			);
			runOnlyForDeploymentPostprocessing = 0;
		};
		3F7421652816FEBE000115F7 /* Resources */ = {
			isa = PBXResourcesBuildPhase;
			buildActionMask = 2147483647;
			files = (
			);
			runOnlyForDeploymentPostprocessing = 0;
		};
		3F74216F2816FEBE000115F7 /* Resources */ = {
			isa = PBXResourcesBuildPhase;
			buildActionMask = 2147483647;
			files = (
			);
			runOnlyForDeploymentPostprocessing = 0;
		};
/* End PBXResourcesBuildPhase section */

/* Begin PBXSourcesBuildPhase section */
		3F74214D2816FEBA000115F7 /* Sources */ = {
			isa = PBXSourcesBuildPhase;
			buildActionMask = 2147483647;
			files = (
				3F7421592816FEBA000115F7 /* ContactListViewController.swift in Sources */,
				3F74218728170AAB000115F7 /* ContactDetailViewController.swift in Sources */,
				3F74218928170C25000115F7 /* Contacts.swift in Sources */,
				3F74218528170A87000115F7 /* CreateContactViewController.swift in Sources */,
				3F7421552816FEBA000115F7 /* AppDelegate.swift in Sources */,
				3F7421572816FEBA000115F7 /* SceneDelegate.swift in Sources */,
			);
			runOnlyForDeploymentPostprocessing = 0;
		};
		3F7421632816FEBE000115F7 /* Sources */ = {
			isa = PBXSourcesBuildPhase;
			buildActionMask = 2147483647;
			files = (
				3F74216C2816FEBE000115F7 /* Activity03Tests.swift in Sources */,
			);
			runOnlyForDeploymentPostprocessing = 0;
		};
		3F74216D2816FEBE000115F7 /* Sources */ = {
			isa = PBXSourcesBuildPhase;
			buildActionMask = 2147483647;
			files = (
				3F7421782816FEBE000115F7 /* Activity03UITestsLaunchTests.swift in Sources */,
				3F7421762816FEBE000115F7 /* Activity03UITests.swift in Sources */,
			);
			runOnlyForDeploymentPostprocessing = 0;
		};
/* End PBXSourcesBuildPhase section */

/* Begin PBXTargetDependency section */
		3F7421692816FEBE000115F7 /* PBXTargetDependency */ = {
			isa = PBXTargetDependency;
			target = 3F7421502816FEBA000115F7 /* Activity03 */;
			targetProxy = 3F7421682816FEBE000115F7 /* PBXContainerItemProxy */;
		};
		3F7421732816FEBE000115F7 /* PBXTargetDependency */ = {
			isa = PBXTargetDependency;
			target = 3F7421502816FEBA000115F7 /* Activity03 */;
			targetProxy = 3F7421722816FEBE000115F7 /* PBXContainerItemProxy */;
		};
/* End PBXTargetDependency section */

/* Begin PBXVariantGroup section */
		3F74215A2816FEBA000115F7 /* Main.storyboard */ = {
			isa = PBXVariantGroup;
			children = (
				3F74215B2816FEBA000115F7 /* Base */,
			);
			name = Main.storyboard;
			sourceTree = "<group>";
		};
		3F74215F2816FEBE000115F7 /* LaunchScreen.storyboard */ = {
			isa = PBXVariantGroup;
			children = (
				3F7421602816FEBE000115F7 /* Base */,
			);
			name = LaunchScreen.storyboard;
			sourceTree = "<group>";
		};
/* End PBXVariantGroup section */

/* Begin XCBuildConfiguration section */
		3F7421792816FEBE000115F7 /* Debug */ = {
			isa = XCBuildConfiguration;
			buildSettings = {
				ALWAYS_SEARCH_USER_PATHS = NO;
				CLANG_ANALYZER_NONNULL = YES;
				CLANG_ANALYZER_NUMBER_OBJECT_CONVERSION = YES_AGGRESSIVE;
				CLANG_CXX_LANGUAGE_STANDARD = "gnu++17";
				CLANG_CXX_LIBRARY = "libc++";
				CLANG_ENABLE_MODULES = YES;
				CLANG_ENABLE_OBJC_ARC = YES;
				CLANG_ENABLE_OBJC_WEAK = YES;
				CLANG_WARN_BLOCK_CAPTURE_AUTORELEASING = YES;
				CLANG_WARN_BOOL_CONVERSION = YES;
				CLANG_WARN_COMMA = YES;
				CLANG_WARN_CONSTANT_CONVERSION = YES;
				CLANG_WARN_DEPRECATED_OBJC_IMPLEMENTATIONS = YES;
				CLANG_WARN_DIRECT_OBJC_ISA_USAGE = YES_ERROR;
				CLANG_WARN_DOCUMENTATION_COMMENTS = YES;
				CLANG_WARN_EMPTY_BODY = YES;
				CLANG_WARN_ENUM_CONVERSION = YES;
				CLANG_WARN_INFINITE_RECURSION = YES;
				CLANG_WARN_INT_CONVERSION = YES;
				CLANG_WARN_NON_LITERAL_NULL_CONVERSION = YES;
				CLANG_WARN_OBJC_IMPLICIT_RETAIN_SELF = YES;
				CLANG_WARN_OBJC_LITERAL_CONVERSION = YES;
				CLANG_WARN_OBJC_ROOT_CLASS = YES_ERROR;
				CLANG_WARN_QUOTED_INCLUDE_IN_FRAMEWORK_HEADER = YES;
				CLANG_WARN_RANGE_LOOP_ANALYSIS = YES;
				CLANG_WARN_STRICT_PROTOTYPES = YES;
				CLANG_WARN_SUSPICIOUS_MOVE = YES;
				CLANG_WARN_UNGUARDED_AVAILABILITY = YES_AGGRESSIVE;
				CLANG_WARN_UNREACHABLE_CODE = YES;
				CLANG_WARN__DUPLICATE_METHOD_MATCH = YES;
				COPY_PHASE_STRIP = NO;
				DEBUG_INFORMATION_FORMAT = dwarf;
				ENABLE_STRICT_OBJC_MSGSEND = YES;
				ENABLE_TESTABILITY = YES;
				GCC_C_LANGUAGE_STANDARD = gnu11;
				GCC_DYNAMIC_NO_PIC = NO;
				GCC_NO_COMMON_BLOCKS = YES;
				GCC_OPTIMIZATION_LEVEL = 0;
				GCC_PREPROCESSOR_DEFINITIONS = (
					"DEBUG=1",
					"$(inherited)",
				);
				GCC_WARN_64_TO_32_BIT_CONVERSION = YES;
				GCC_WARN_ABOUT_RETURN_TYPE = YES_ERROR;
				GCC_WARN_UNDECLARED_SELECTOR = YES;
				GCC_WARN_UNINITIALIZED_AUTOS = YES_AGGRESSIVE;
				GCC_WARN_UNUSED_FUNCTION = YES;
				GCC_WARN_UNUSED_VARIABLE = YES;
				IPHONEOS_DEPLOYMENT_TARGET = 15.0;
				MTL_ENABLE_DEBUG_INFO = INCLUDE_SOURCE;
				MTL_FAST_MATH = YES;
				ONLY_ACTIVE_ARCH = YES;
				SDKROOT = iphoneos;
				SWIFT_ACTIVE_COMPILATION_CONDITIONS = DEBUG;
				SWIFT_OPTIMIZATION_LEVEL = "-Onone";
			};
			name = Debug;
		};
		3F74217A2816FEBE000115F7 /* Release */ = {
			isa = XCBuildConfiguration;
			buildSettings = {
				ALWAYS_SEARCH_USER_PATHS = NO;
				CLANG_ANALYZER_NONNULL = YES;
				CLANG_ANALYZER_NUMBER_OBJECT_CONVERSION = YES_AGGRESSIVE;
				CLANG_CXX_LANGUAGE_STANDARD = "gnu++17";
				CLANG_CXX_LIBRARY = "libc++";
				CLANG_ENABLE_MODULES = YES;
				CLANG_ENABLE_OBJC_ARC = YES;
				CLANG_ENABLE_OBJC_WEAK = YES;
				CLANG_WARN_BLOCK_CAPTURE_AUTORELEASING = YES;
				CLANG_WARN_BOOL_CONVERSION = YES;
				CLANG_WARN_COMMA = YES;
				CLANG_WARN_CONSTANT_CONVERSION = YES;
				CLANG_WARN_DEPRECATED_OBJC_IMPLEMENTATIONS = YES;
				CLANG_WARN_DIRECT_OBJC_ISA_USAGE = YES_ERROR;
				CLANG_WARN_DOCUMENTATION_COMMENTS = YES;
				CLANG_WARN_EMPTY_BODY = YES;
				CLANG_WARN_ENUM_CONVERSION = YES;
				CLANG_WARN_INFINITE_RECURSION = YES;
				CLANG_WARN_INT_CONVERSION = YES;
				CLANG_WARN_NON_LITERAL_NULL_CONVERSION = YES;
				CLANG_WARN_OBJC_IMPLICIT_RETAIN_SELF = YES;
				CLANG_WARN_OBJC_LITERAL_CONVERSION = YES;
				CLANG_WARN_OBJC_ROOT_CLASS = YES_ERROR;
				CLANG_WARN_QUOTED_INCLUDE_IN_FRAMEWORK_HEADER = YES;
				CLANG_WARN_RANGE_LOOP_ANALYSIS = YES;
				CLANG_WARN_STRICT_PROTOTYPES = YES;
				CLANG_WARN_SUSPICIOUS_MOVE = YES;
				CLANG_WARN_UNGUARDED_AVAILABILITY = YES_AGGRESSIVE;
				CLANG_WARN_UNREACHABLE_CODE = YES;
				CLANG_WARN__DUPLICATE_METHOD_MATCH = YES;
				COPY_PHASE_STRIP = NO;
				DEBUG_INFORMATION_FORMAT = "dwarf-with-dsym";
				ENABLE_NS_ASSERTIONS = NO;
				ENABLE_STRICT_OBJC_MSGSEND = YES;
				GCC_C_LANGUAGE_STANDARD = gnu11;
				GCC_NO_COMMON_BLOCKS = YES;
				GCC_WARN_64_TO_32_BIT_CONVERSION = YES;
				GCC_WARN_ABOUT_RETURN_TYPE = YES_ERROR;
				GCC_WARN_UNDECLARED_SELECTOR = YES;
				GCC_WARN_UNINITIALIZED_AUTOS = YES_AGGRESSIVE;
				GCC_WARN_UNUSED_FUNCTION = YES;
				GCC_WARN_UNUSED_VARIABLE = YES;
				IPHONEOS_DEPLOYMENT_TARGET = 15.0;
				MTL_ENABLE_DEBUG_INFO = NO;
				MTL_FAST_MATH = YES;
				SDKROOT = iphoneos;
				SWIFT_COMPILATION_MODE = wholemodule;
				SWIFT_OPTIMIZATION_LEVEL = "-O";
				VALIDATE_PRODUCT = YES;
			};
			name = Release;
		};
		3F74217C2816FEBE000115F7 /* Debug */ = {
			isa = XCBuildConfiguration;
			buildSettings = {
				ASSETCATALOG_COMPILER_APPICON_NAME = AppIcon;
				ASSETCATALOG_COMPILER_GLOBAL_ACCENT_COLOR_NAME = AccentColor;
				CODE_SIGN_STYLE = Automatic;
				CURRENT_PROJECT_VERSION = 1;
				GENERATE_INFOPLIST_FILE = YES;
				INFOPLIST_FILE = Activity03/Info.plist;
				INFOPLIST_KEY_UIApplicationSupportsIndirectInputEvents = YES;
				INFOPLIST_KEY_UILaunchStoryboardName = LaunchScreen;
				INFOPLIST_KEY_UIMainStoryboardFile = Main;
				INFOPLIST_KEY_UISupportedInterfaceOrientations_iPad = "UIInterfaceOrientationPortrait UIInterfaceOrientationPortraitUpsideDown UIInterfaceOrientationLandscapeLeft UIInterfaceOrientationLandscapeRight";
				INFOPLIST_KEY_UISupportedInterfaceOrientations_iPhone = "UIInterfaceOrientationPortrait UIInterfaceOrientationLandscapeLeft UIInterfaceOrientationLandscapeRight";
				LD_RUNPATH_SEARCH_PATHS = (
					"$(inherited)",
					"@executable_path/Frameworks",
				);
				MARKETING_VERSION = 1.0;
				PRODUCT_BUNDLE_IDENTIFIER = nwmsu.Activity03;
				PRODUCT_NAME = "$(TARGET_NAME)";
				SWIFT_EMIT_LOC_STRINGS = YES;
				SWIFT_VERSION = 5.0;
				TARGETED_DEVICE_FAMILY = "1,2";
			};
			name = Debug;
		};
		3F74217D2816FEBE000115F7 /* Release */ = {
			isa = XCBuildConfiguration;
			buildSettings = {
				ASSETCATALOG_COMPILER_APPICON_NAME = AppIcon;
				ASSETCATALOG_COMPILER_GLOBAL_ACCENT_COLOR_NAME = AccentColor;
				CODE_SIGN_STYLE = Automatic;
				CURRENT_PROJECT_VERSION = 1;
				GENERATE_INFOPLIST_FILE = YES;
				INFOPLIST_FILE = Activity03/Info.plist;
				INFOPLIST_KEY_UIApplicationSupportsIndirectInputEvents = YES;
				INFOPLIST_KEY_UILaunchStoryboardName = LaunchScreen;
				INFOPLIST_KEY_UIMainStoryboardFile = Main;
				INFOPLIST_KEY_UISupportedInterfaceOrientations_iPad = "UIInterfaceOrientationPortrait UIInterfaceOrientationPortraitUpsideDown UIInterfaceOrientationLandscapeLeft UIInterfaceOrientationLandscapeRight";
				INFOPLIST_KEY_UISupportedInterfaceOrientations_iPhone = "UIInterfaceOrientationPortrait UIInterfaceOrientationLandscapeLeft UIInterfaceOrientationLandscapeRight";
				LD_RUNPATH_SEARCH_PATHS = (
					"$(inherited)",
					"@executable_path/Frameworks",
				);
				MARKETING_VERSION = 1.0;
				PRODUCT_BUNDLE_IDENTIFIER = nwmsu.Activity03;
				PRODUCT_NAME = "$(TARGET_NAME)";
				SWIFT_EMIT_LOC_STRINGS = YES;
				SWIFT_VERSION = 5.0;
				TARGETED_DEVICE_FAMILY = "1,2";
			};
			name = Release;
		};
		3F74217F2816FEBE000115F7 /* Debug */ = {
			isa = XCBuildConfiguration;
			buildSettings = {
				ALWAYS_EMBED_SWIFT_STANDARD_LIBRARIES = YES;
				BUNDLE_LOADER = "$(TEST_HOST)";
				CODE_SIGN_STYLE = Automatic;
				CURRENT_PROJECT_VERSION = 1;
				GENERATE_INFOPLIST_FILE = YES;
				IPHONEOS_DEPLOYMENT_TARGET = 15.0;
				LD_RUNPATH_SEARCH_PATHS = (
					"$(inherited)",
					"@executable_path/Frameworks",
					"@loader_path/Frameworks",
				);
				MARKETING_VERSION = 1.0;
				PRODUCT_BUNDLE_IDENTIFIER = nwmsu.Activity03Tests;
				PRODUCT_NAME = "$(TARGET_NAME)";
				SWIFT_EMIT_LOC_STRINGS = NO;
				SWIFT_VERSION = 5.0;
				TARGETED_DEVICE_FAMILY = "1,2";
				TEST_HOST = "$(BUILT_PRODUCTS_DIR)/Activity03.app/Activity03";
			};
			name = Debug;
		};
		3F7421802816FEBE000115F7 /* Release */ = {
			isa = XCBuildConfiguration;
			buildSettings = {
				ALWAYS_EMBED_SWIFT_STANDARD_LIBRARIES = YES;
				BUNDLE_LOADER = "$(TEST_HOST)";
				CODE_SIGN_STYLE = Automatic;
				CURRENT_PROJECT_VERSION = 1;
				GENERATE_INFOPLIST_FILE = YES;
				IPHONEOS_DEPLOYMENT_TARGET = 15.0;
				LD_RUNPATH_SEARCH_PATHS = (
					"$(inherited)",
					"@executable_path/Frameworks",
					"@loader_path/Frameworks",
				);
				MARKETING_VERSION = 1.0;
				PRODUCT_BUNDLE_IDENTIFIER = nwmsu.Activity03Tests;
				PRODUCT_NAME = "$(TARGET_NAME)";
				SWIFT_EMIT_LOC_STRINGS = NO;
				SWIFT_VERSION = 5.0;
				TARGETED_DEVICE_FAMILY = "1,2";
				TEST_HOST = "$(BUILT_PRODUCTS_DIR)/Activity03.app/Activity03";
			};
			name = Release;
		};
		3F7421822816FEBE000115F7 /* Debug */ = {
			isa = XCBuildConfiguration;
			buildSettings = {
				ALWAYS_EMBED_SWIFT_STANDARD_LIBRARIES = YES;
				CODE_SIGN_STYLE = Automatic;
				CURRENT_PROJECT_VERSION = 1;
				GENERATE_INFOPLIST_FILE = YES;
				LD_RUNPATH_SEARCH_PATHS = (
					"$(inherited)",
					"@executable_path/Frameworks",
					"@loader_path/Frameworks",
				);
				MARKETING_VERSION = 1.0;
				PRODUCT_BUNDLE_IDENTIFIER = nwmsu.Activity03UITests;
				PRODUCT_NAME = "$(TARGET_NAME)";
				SWIFT_EMIT_LOC_STRINGS = NO;
				SWIFT_VERSION = 5.0;
				TARGETED_DEVICE_FAMILY = "1,2";
				TEST_TARGET_NAME = Activity03;
			};
			name = Debug;
		};
		3F7421832816FEBE000115F7 /* Release */ = {
			isa = XCBuildConfiguration;
			buildSettings = {
				ALWAYS_EMBED_SWIFT_STANDARD_LIBRARIES = YES;
				CODE_SIGN_STYLE = Automatic;
				CURRENT_PROJECT_VERSION = 1;
				GENERATE_INFOPLIST_FILE = YES;
				LD_RUNPATH_SEARCH_PATHS = (
					"$(inherited)",
					"@executable_path/Frameworks",
					"@loader_path/Frameworks",
				);
				MARKETING_VERSION = 1.0;
				PRODUCT_BUNDLE_IDENTIFIER = nwmsu.Activity03UITests;
				PRODUCT_NAME = "$(TARGET_NAME)";
				SWIFT_EMIT_LOC_STRINGS = NO;
				SWIFT_VERSION = 5.0;
				TARGETED_DEVICE_FAMILY = "1,2";
				TEST_TARGET_NAME = Activity03;
			};
			name = Release;
		};
/* End XCBuildConfiguration section */

/* Begin XCConfigurationList section */
		3F74214C2816FEBA000115F7 /* Build configuration list for PBXProject "Activity03" */ = {
			isa = XCConfigurationList;
			buildConfigurations = (
				3F7421792816FEBE000115F7 /* Debug */,
				3F74217A2816FEBE000115F7 /* Release */,
			);
			defaultConfigurationIsVisible = 0;
			defaultConfigurationName = Release;
		};
		3F74217B2816FEBE000115F7 /* Build configuration list for PBXNativeTarget "Activity03" */ = {
			isa = XCConfigurationList;
			buildConfigurations = (
				3F74217C2816FEBE000115F7 /* Debug */,
				3F74217D2816FEBE000115F7 /* Release */,
			);
			defaultConfigurationIsVisible = 0;
			defaultConfigurationName = Release;
		};
		3F74217E2816FEBE000115F7 /* Build configuration list for PBXNativeTarget "Activity03Tests" */ = {
			isa = XCConfigurationList;
			buildConfigurations = (
				3F74217F2816FEBE000115F7 /* Debug */,
				3F7421802816FEBE000115F7 /* Release */,
			);
			defaultConfigurationIsVisible = 0;
			defaultConfigurationName = Release;
		};
		3F7421812816FEBE000115F7 /* Build configuration list for PBXNativeTarget "Activity03UITests" */ = {
			isa = XCConfigurationList;
			buildConfigurations = (
				3F7421822816FEBE000115F7 /* Debug */,
				3F7421832816FEBE000115F7 /* Release */,
			);
			defaultConfigurationIsVisible = 0;
			defaultConfigurationName = Release;
		};
/* End XCConfigurationList section */
	};
	rootObject = 3F7421492816FEBA000115F7 /* Project object */;
}
